
Microsoft Visual Studio Solution File, Format Version 12.00
# Visual Studio 14
VisualStudioVersion = 14.0.24720.0
MinimumVisualStudioVersion = 10.0.40219.1
Project("{FAE04EC0-301F-11D3-BF4B-00C04F79EFBC}") = "librealsense.net", "librealsense.net\librealsense.net.csproj", "{90C71307-7FA1-40A3-8696-7679D02F05EF}"
EndProject
Project("{FAE04EC0-301F-11D3-BF4B-00C04F79EFBC}") = "librealsense.net.TestConsole", "librealsense.net.TestConsole\librealsense.net.TestConsole.csproj", "{4E977AB2-7E66-4767-8971-66DCB1B267C3}"
EndProject
Project("{FAE04EC0-301F-11D3-BF4B-00C04F79EFBC}") = "librealsense.net.Test", "librealsense.net.Test\librealsense.net.Test.csproj", "{8A0C026B-2F8C-407F-B8CB-CA19527D6A33}"
EndProject
Project("{FAE04EC0-301F-11D3-BF4B-00C04F79EFBC}") = "librealsense.net.Sample.WPF", "librealsense.net.Sample.WPF\librealsense.net.Sample.WPF.csproj", "{F912B3D4-9F6D-4DC4-940F-1E3A85534D60}"
EndProject
Global
	GlobalSection(SolutionConfigurationPlatforms) = preSolution
		Debug|Any CPU = Debug|Any CPU
		Debug|x64 = Debug|x64
		Debug|x86 = Debug|x86
		Release|Any CPU = Release|Any CPU
		Release|x64 = Release|x64
		Release|x86 = Release|x86
	EndGlobalSection
	GlobalSection(ProjectConfigurationPlatforms) = postSolution
		{90C71307-7FA1-40A3-8696-7679D02F05EF}.Debug|Any CPU.ActiveCfg = Debug|Any CPU
		{90C71307-7FA1-40A3-8696-7679D02F05EF}.Debug|Any CPU.Build.0 = Debug|Any CPU
		{90C71307-7FA1-40A3-8696-7679D02F05EF}.Debug|x64.ActiveCfg = Debug|x64
		{90C71307-7FA1-40A3-8696-7679D02F05EF}.Debug|x64.Build.0 = Debug|x64
		{90C71307-7FA1-40A3-8696-7679D02F05EF}.Debug|x86.ActiveCfg = Debug|x86
		{90C71307-7FA1-40A3-8696-7679D02F05EF}.Debug|x86.Build.0 = Debug|x86
		{90C71307-7FA1-40A3-8696-7679D02F05EF}.Release|Any CPU.ActiveCfg = Release|Any CPU
		{90C71307-7FA1-40A3-8696-7679D02F05EF}.Release|Any CPU.Build.0 = Release|Any CPU
		{90C71307-7FA1-40A3-8696-7679D02F05EF}.Release|x64.ActiveCfg = Release|x64
		{90C71307-7FA1-40A3-8696-7679D02F05EF}.Release|x64.Build.0 = Release|x64
		{90C71307-7FA1-40A3-8696-7679D02F05EF}.Release|x86.ActiveCfg = Release|x86
		{90C71307-7FA1-40A3-8696-7679D02F05EF}.Release|x86.Build.0 = Release|x86
		{4E977AB2-7E66-4767-8971-66DCB1B267C3}.Debug|Any CPU.ActiveCfg = Debug|Any CPU
		{4E977AB2-7E66-4767-8971-66DCB1B267C3}.Debug|Any CPU.Build.0 = Debug|Any CPU
		{4E977AB2-7E66-4767-8971-66DCB1B267C3}.Debug|x64.ActiveCfg = Debug|x64
		{4E977AB2-7E66-4767-8971-66DCB1B267C3}.Debug|x64.Build.0 = Debug|x64
		{4E977AB2-7E66-4767-8971-66DCB1B267C3}.Debug|x86.ActiveCfg = Debug|x86
		{4E977AB2-7E66-4767-8971-66DCB1B267C3}.Debug|x86.Build.0 = Debug|x86
		{4E977AB2-7E66-4767-8971-66DCB1B267C3}.Release|Any CPU.ActiveCfg = Release|Any CPU
		{4E977AB2-7E66-4767-8971-66DCB1B267C3}.Release|Any CPU.Build.0 = Release|Any CPU
		{4E977AB2-7E66-4767-8971-66DCB1B267C3}.Release|x64.ActiveCfg = Release|x64
		{4E977AB2-7E66-4767-8971-66DCB1B267C3}.Release|x64.Build.0 = Release|x64
		{4E977AB2-7E66-4767-8971-66DCB1B267C3}.Release|x86.ActiveCfg = Release|x86
		{4E977AB2-7E66-4767-8971-66DCB1B267C3}.Release|x86.Build.0 = Release|x86
		{8A0C026B-2F8C-407F-B8CB-CA19527D6A33}.Debug|Any CPU.ActiveCfg = Debug|Any CPU
		{8A0C026B-2F8C-407F-B8CB-CA19527D6A33}.Debug|Any CPU.Build.0 = Debug|Any CPU
		{8A0C026B-2F8C-407F-B8CB-CA19527D6A33}.Debug|x64.ActiveCfg = Debug|x64
		{8A0C026B-2F8C-407F-B8CB-CA19527D6A33}.Debug|x64.Build.0 = Debug|x64
		{8A0C026B-2F8C-407F-B8CB-CA19527D6A33}.Debug|x86.ActiveCfg = Debug|x86
		{8A0C026B-2F8C-407F-B8CB-CA19527D6A33}.Debug|x86.Build.0 = Debug|x86
		{8A0C026B-2F8C-407F-B8CB-CA19527D6A33}.Release|Any CPU.ActiveCfg = Release|Any CPU
		{8A0C026B-2F8C-407F-B8CB-CA19527D6A33}.Release|Any CPU.Build.0 = Release|Any CPU
		{8A0C026B-2F8C-407F-B8CB-CA19527D6A33}.Release|x64.ActiveCfg = Release|x64
		{8A0C026B-2F8C-407F-B8CB-CA19527D6A33}.Release|x64.Build.0 = Release|x64
		{8A0C026B-2F8C-407F-B8CB-CA19527D6A33}.Release|x86.ActiveCfg = Release|Any CPU
		{8A0C026B-2F8C-407F-B8CB-CA19527D6A33}.Release|x86.Build.0 = Release|Any CPU
		{F912B3D4-9F6D-4DC4-940F-1E3A85534D60}.Debug|Any CPU.ActiveCfg = Debug|Any CPU
		{F912B3D4-9F6D-4DC4-940F-1E3A85534D60}.Debug|Any CPU.Build.0 = Debug|Any CPU
		{F912B3D4-9F6D-4DC4-940F-1E3A85534D60}.Debug|x64.ActiveCfg = Debug|x64
		{F912B3D4-9F6D-4DC4-940F-1E3A85534D60}.Debug|x64.Build.0 = Debug|x64
		{F912B3D4-9F6D-4DC4-940F-1E3A85534D60}.Debug|x86.ActiveCfg = Debug|x86
		{F912B3D4-9F6D-4DC4-940F-1E3A85534D60}.Debug|x86.Build.0 = Debug|x86
		{F912B3D4-9F6D-4DC4-940F-1E3A85534D60}.Release|Any CPU.ActiveCfg = Release|Any CPU
		{F912B3D4-9F6D-4DC4-940F-1E3A85534D60}.Release|Any CPU.Build.0 = Release|Any CPU
		{F912B3D4-9F6D-4DC4-940F-1E3A85534D60}.Release|x64.ActiveCfg = Release|x64
		{F912B3D4-9F6D-4DC4-940F-1E3A85534D60}.Release|x64.Build.0 = Release|x64
		{F912B3D4-9F6D-4DC4-940F-1E3A85534D60}.Release|x86.ActiveCfg = Release|Any CPU
		{F912B3D4-9F6D-4DC4-940F-1E3A85534D60}.Release|x86.Build.0 = Release|Any CPU
	EndGlobalSection
	GlobalSection(SolutionProperties) = preSolution
		HideSolutionNode = FALSE
	EndGlobalSection
EndGlobal
